// !$*UTF8*$!
{
	archiveVersion = 1;
	classes = {
	};
	objectVersion = 51;
	objects = {

/* Begin PBXBuildFile section */
		5A50EB9C23C326B100CE9AB7 /* AppDelegate.swift in Sources */ = {isa = PBXBuildFile; fileRef = 5A50EB9B23C326B100CE9AB7 /* AppDelegate.swift */; };
		5A50EB9E23C326B100CE9AB7 /* SceneDelegate.swift in Sources */ = {isa = PBXBuildFile; fileRef = 5A50EB9D23C326B100CE9AB7 /* SceneDelegate.swift */; };
		5A50EBA023C326B100CE9AB7 /* ViewController.swift in Sources */ = {isa = PBXBuildFile; fileRef = 5A50EB9F23C326B100CE9AB7 /* ViewController.swift */; };
		5A50EBA323C326B100CE9AB7 /* Main.storyboard in Resources */ = {isa = PBXBuildFile; fileRef = 5A50EBA123C326B100CE9AB7 /* Main.storyboard */; };
		5A50EBA523C326B200CE9AB7 /* Assets.xcassets in Resources */ = {isa = PBXBuildFile; fileRef = 5A50EBA423C326B200CE9AB7 /* Assets.xcassets */; };
		5A50EBA823C326B200CE9AB7 /* LaunchScreen.storyboard in Resources */ = {isa = PBXBuildFile; fileRef = 5A50EBA623C326B200CE9AB7 /* LaunchScreen.storyboard */; };
		5A50EBB023C4302100CE9AB7 /* InputViewController.swift in Sources */ = {isa = PBXBuildFile; fileRef = 5A50EBAF23C4302100CE9AB7 /* InputViewController.swift */; };
		5A50EBB223C43A7E00CE9AB7 /* Task.swift in Sources */ = {isa = PBXBuildFile; fileRef = 5A50EBB123C43A7E00CE9AB7 /* Task.swift */; };
		D3E8A3B4EFC8A9A60BD730A5 /* Pods_taskApp.framework in Frameworks */ = {isa = PBXBuildFile; fileRef = 4847C22380103558D969BA4E /* Pods_taskApp.framework */; };
/* End PBXBuildFile section */

/* Begin PBXFileReference section */
		4847C22380103558D969BA4E /* Pods_taskApp.framework */ = {isa = PBXFileReference; explicitFileType = wrapper.framework; includeInIndex = 0; path = Pods_taskApp.framework; sourceTree = BUILT_PRODUCTS_DIR; };
		5A50EB9823C326B100CE9AB7 /* taskApp.app */ = {isa = PBXFileReference; explicitFileType = wrapper.application; includeInIndex = 0; path = taskApp.app; sourceTree = BUILT_PRODUCTS_DIR; };
		5A50EB9B23C326B100CE9AB7 /* AppDelegate.swift */ = {isa = PBXFileReference; lastKnownFileType = sourcecode.swift; path = AppDelegate.swift; sourceTree = "<group>"; };
		5A50EB9D23C326B100CE9AB7 /* SceneDelegate.swift */ = {isa = PBXFileReference; lastKnownFileType = sourcecode.swift; path = SceneDelegate.swift; sourceTree = "<group>"; };
		5A50EB9F23C326B100CE9AB7 /* ViewController.swift */ = {isa = PBXFileReference; lastKnownFileType = sourcecode.swift; path = ViewController.swift; sourceTree = "<group>"; };
		5A50EBA223C326B100CE9AB7 /* Base */ = {isa = PBXFileReference; lastKnownFileType = file.storyboard; name = Base; path = Base.lproj/Main.storyboard; sourceTree = "<group>"; };
		5A50EBA423C326B200CE9AB7 /* Assets.xcassets */ = {isa = PBXFileReference; lastKnownFileType = folder.assetcatalog; path = Assets.xcassets; sourceTree = "<group>"; };
		5A50EBA723C326B200CE9AB7 /* Base */ = {isa = PBXFileReference; lastKnownFileType = file.storyboard; name = Base; path = Base.lproj/LaunchScreen.storyboard; sourceTree = "<group>"; };
		5A50EBA923C326B200CE9AB7 /* Info.plist */ = {isa = PBXFileReference; lastKnownFileType = text.plist.xml; path = Info.plist; sourceTree = "<group>"; };
		5A50EBAF23C4302100CE9AB7 /* InputViewController.swift */ = {isa = PBXFileReference; lastKnownFileType = sourcecode.swift; path = InputViewController.swift; sourceTree = "<group>"; };
		5A50EBB123C43A7E00CE9AB7 /* Task.swift */ = {isa = PBXFileReference; lastKnownFileType = sourcecode.swift; path = Task.swift; sourceTree = "<group>"; };
		75664922F9C4276981E0FA13 /* Pods-taskApp.release.xcconfig */ = {isa = PBXFileReference; includeInIndex = 1; lastKnownFileType = text.xcconfig; name = "Pods-taskApp.release.xcconfig"; path = "Target Support Files/Pods-taskApp/Pods-taskApp.release.xcconfig"; sourceTree = "<group>"; };
		A0F39E196B997649D139CD45 /* Pods-taskApp.debug.xcconfig */ = {isa = PBXFileReference; includeInIndex = 1; lastKnownFileType = text.xcconfig; name = "Pods-taskApp.debug.xcconfig"; path = "Target Support Files/Pods-taskApp/Pods-taskApp.debug.xcconfig"; sourceTree = "<group>"; };
/* End PBXFileReference section */

/* Begin PBXFrameworksBuildPhase section */
		5A50EB9523C326B100CE9AB7 /* Frameworks */ = {
			isa = PBXFrameworksBuildPhase;
			buildActionMask = 2147483647;
			files = (
				D3E8A3B4EFC8A9A60BD730A5 /* Pods_taskApp.framework in Frameworks */,
			);
			runOnlyForDeploymentPostprocessing = 0;
		};
/* End PBXFrameworksBuildPhase section */

/* Begin PBXGroup section */
		005B2F3B480A67FEFE3E1FF9 /* Frameworks */ = {
			isa = PBXGroup;
			children = (
				4847C22380103558D969BA4E /* Pods_taskApp.framework */,
			);
			name = Frameworks;
			sourceTree = "<group>";
		};
		5A50EB8F23C326B100CE9AB7 = {
			isa = PBXGroup;
			children = (
				5A50EB9A23C326B100CE9AB7 /* taskApp */,
				5A50EB9923C326B100CE9AB7 /* Products */,
				67BEC00C5A10013A19D9E103 /* Pods */,
				005B2F3B480A67FEFE3E1FF9 /* Frameworks */,
			);
			sourceTree = "<group>";
		};
		5A50EB9923C326B100CE9AB7 /* Products */ = {
			isa = PBXGroup;
			children = (
				5A50EB9823C326B100CE9AB7 /* taskApp.app */,
			);
			name = Products;
			sourceTree = "<group>";
		};
		5A50EB9A23C326B100CE9AB7 /* taskApp */ = {
			isa = PBXGroup;
			children = (
				5A50EBB523C4468F00CE9AB7 /* Model */,
				5A50EBB423C4468500CE9AB7 /* View */,
				5A50EBB323C4467100CE9AB7 /* Controller */,
				5A50EB9F23C326B100CE9AB7 /* ViewController.swift */,
				5A50EBB123C43A7E00CE9AB7 /* Task.swift */,
				5A50EBAF23C4302100CE9AB7 /* InputViewController.swift */,
				5A50EBA423C326B200CE9AB7 /* Assets.xcassets */,
				5A50EBA923C326B200CE9AB7 /* Info.plist */,
			);
			path = taskApp;
			sourceTree = "<group>";
		};
		5A50EBB323C4467100CE9AB7 /* Controller */ = {
			isa = PBXGroup;
			children = (
			);
			path = Controller;
			sourceTree = "<group>";
		};
		5A50EBB423C4468500CE9AB7 /* View */ = {
			isa = PBXGroup;
			children = (
				5A50EBA123C326B100CE9AB7 /* Main.storyboard */,
				5A50EBA623C326B200CE9AB7 /* LaunchScreen.storyboard */,
			);
			path = View;
			sourceTree = "<group>";
		};
		5A50EBB523C4468F00CE9AB7 /* Model */ = {
			isa = PBXGroup;
			children = (
				5A50EB9B23C326B100CE9AB7 /* AppDelegate.swift */,
				5A50EB9D23C326B100CE9AB7 /* SceneDelegate.swift */,
			);
			path = Model;
			sourceTree = "<group>";
		};
		67BEC00C5A10013A19D9E103 /* Pods */ = {
			isa = PBXGroup;
			children = (
				A0F39E196B997649D139CD45 /* Pods-taskApp.debug.xcconfig */,
				75664922F9C4276981E0FA13 /* Pods-taskApp.release.xcconfig */,
			);
			path = Pods;
			sourceTree = "<group>";
		};
/* End PBXGroup section */

/* Begin PBXNativeTarget section */
		5A50EB9723C326B100CE9AB7 /* taskApp */ = {
			isa = PBXNativeTarget;
			buildConfigurationList = 5A50EBAC23C326B200CE9AB7 /* Build configuration list for PBXNativeTarget "taskApp" */;
			buildPhases = (
				12F25AEC61A4392177FA00E7 /* [CP] Check Pods Manifest.lock */,
				5A50EB9423C326B100CE9AB7 /* Sources */,
				5A50EB9523C326B100CE9AB7 /* Frameworks */,
				5A50EB9623C326B100CE9AB7 /* Resources */,
				3A9A8FF7801DCE0470A6AE95 /* [CP] Embed Pods Frameworks */,
			);
			buildRules = (
			);
			dependencies = (
			);
			name = taskApp;
			productName = taskApp;
			productReference = 5A50EB9823C326B100CE9AB7 /* taskApp.app */;
			productType = "com.apple.product-type.application";
		};
/* End PBXNativeTarget section */

/* Begin PBXProject section */
		5A50EB9023C326B100CE9AB7 /* Project object */ = {
			isa = PBXProject;
			attributes = {
				LastSwiftUpdateCheck = 1130;
				LastUpgradeCheck = 1130;
				ORGANIZATIONNAME = asahi.kimura;
				TargetAttributes = {
					5A50EB9723C326B100CE9AB7 = {
						CreatedOnToolsVersion = 11.3;
					};
				};
			};
			buildConfigurationList = 5A50EB9323C326B100CE9AB7 /* Build configuration list for PBXProject "taskApp" */;
			compatibilityVersion = "Xcode 9.3";
			developmentRegion = en;
			hasScannedForEncodings = 0;
			knownRegions = (
				en,
				Base,
			);
			mainGroup = 5A50EB8F23C326B100CE9AB7;
			productRefGroup = 5A50EB9923C326B100CE9AB7 /* Products */;
			projectDirPath = "";
			projectRoot = "";
			targets = (
				5A50EB9723C326B100CE9AB7 /* taskApp */,
			);
		};
/* End PBXProject section */

/* Begin PBXResourcesBuildPhase section */
		5A50EB9623C326B100CE9AB7 /* Resources */ = {
			isa = PBXResourcesBuildPhase;
			buildActionMask = 2147483647;
			files = (
				5A50EBA823C326B200CE9AB7 /* LaunchScreen.storyboard in Resources */,
				5A50EBA523C326B200CE9AB7 /* Assets.xcassets in Resources */,
				5A50EBA323C326B100CE9AB7 /* Main.storyboard in Resources */,
			);
			runOnlyForDeploymentPostprocessing = 0;
		};
/* End PBXResourcesBuildPhase section */

/* Begin PBXShellScriptBuildPhase section */
		12F25AEC61A4392177FA00E7 /* [CP] Check Pods Manifest.lock */ = {
			isa = PBXShellScriptBuildPhase;
			buildActionMask = 2147483647;
			files = (
			);
			inputFileListPaths = (
			);
			inputPaths = (
				"${PODS_PODFILE_DIR_PATH}/Podfile.lock",
				"${PODS_ROOT}/Manifest.lock",
			);
			name = "[CP] Check Pods Manifest.lock";
			outputFileListPaths = (
			);
			outputPaths = (
				"$(DERIVED_FILE_DIR)/Pods-taskApp-checkManifestLockResult.txt",
			);
			runOnlyForDeploymentPostprocessing = 0;
			shellPath = /bin/sh;
			shellScript = "diff \"${PODS_PODFILE_DIR_PATH}/Podfile.lock\" \"${PODS_ROOT}/Manifest.lock\" > /dev/null\nif [ $? != 0 ] ; then\n    # print error to STDERR\n    echo \"error: The sandbox is not in sync with the Podfile.lock. Run 'pod install' or update your CocoaPods installation.\" >&2\n    exit 1\nfi\n# This output is used by Xcode 'outputs' to avoid re-running this script phase.\necho \"SUCCESS\" > \"${SCRIPT_OUTPUT_FILE_0}\"\n";
			showEnvVarsInLog = 0;
		};
		3A9A8FF7801DCE0470A6AE95 /* [CP] Embed Pods Frameworks */ = {
			isa = PBXShellScriptBuildPhase;
			buildActionMask = 2147483647;
			files = (
			);
			inputFileListPaths = (
				"${PODS_ROOT}/Target Support Files/Pods-taskApp/Pods-taskApp-frameworks-${CONFIGURATION}-input-files.xcfilelist",
			);
			name = "[CP] Embed Pods Frameworks";
			outputFileListPaths = (
				"${PODS_ROOT}/Target Support Files/Pods-taskApp/Pods-taskApp-frameworks-${CONFIGURATION}-output-files.xcfilelist",
			);
			runOnlyForDeploymentPostprocessing = 0;
			shellPath = /bin/sh;
			shellScript = "\"${PODS_ROOT}/Target Support Files/Pods-taskApp/Pods-taskApp-frameworks.sh\"\n";
			showEnvVarsInLog = 0;
		};
/* End PBXShellScriptBuildPhase section */

/* Begin PBXSourcesBuildPhase section */
		5A50EB9423C326B100CE9AB7 /* Sources */ = {
			isa = PBXSourcesBuildPhase;
			buildActionMask = 2147483647;
			files = (
				5A50EBA023C326B100CE9AB7 /* ViewController.swift in Sources */,
				5A50EB9C23C326B100CE9AB7 /* AppDelegate.swift in Sources */,
				5A50EBB223C43A7E00CE9AB7 /* Task.swift in Sources */,
				5A50EB9E23C326B100CE9AB7 /* SceneDelegate.swift in Sources */,
				5A50EBB023C4302100CE9AB7 /* InputViewController.swift in Sources */,
			);
			runOnlyForDeploymentPostprocessing = 0;
		};
/* End PBXSourcesBuildPhase section */

/* Begin PBXVariantGroup section */
		5A50EBA123C326B100CE9AB7 /* Main.storyboard */ = {
			isa = PBXVariantGroup;
			children = (
				5A50EBA223C326B100CE9AB7 /* Base */,
			);
			name = Main.storyboard;
			sourceTree = "<group>";
		};
		5A50EBA623C326B200CE9AB7 /* LaunchScreen.storyboard */ = {
			isa = PBXVariantGroup;
			children = (
				5A50EBA723C326B200CE9AB7 /* Base */,
			);
			name = LaunchScreen.storyboard;
			sourceTree = "<group>";
		};
/* End PBXVariantGroup section */

/* Begin XCBuildConfiguration section */
		5A50EBAA23C326B200CE9AB7 /* Debug */ = {
			isa = XCBuildConfiguration;
			buildSettings = {
				ALWAYS_SEARCH_USER_PATHS = NO;
				CLANG_ANALYZER_NONNULL = YES;
				CLANG_ANALYZER_NUMBER_OBJECT_CONVERSION = YES_AGGRESSIVE;
				CLANG_CXX_LANGUAGE_STANDARD = "gnu++14";
				CLANG_CXX_LIBRARY = "libc++";
				CLANG_ENABLE_MODULES = YES;
				CLANG_ENABLE_OBJC_ARC = YES;
				CLANG_ENABLE_OBJC_WEAK = YES;
				CLANG_WARN_BLOCK_CAPTURE_AUTORELEASING = YES;
				CLANG_WARN_BOOL_CONVERSION = YES;
				CLANG_WARN_COMMA = YES;
				CLANG_WARN_CONSTANT_CONVERSION = YES;
				CLANG_WARN_DEPRECATED_OBJC_IMPLEMENTATIONS = YES;
				CLANG_WARN_DIRECT_OBJC_ISA_USAGE = YES_ERROR;
				CLANG_WARN_DOCUMENTATION_COMMENTS = YES;
				CLANG_WARN_EMPTY_BODY = YES;
				CLANG_WARN_ENUM_CONVERSION = YES;
				CLANG_WARN_INFINITE_RECURSION = YES;
				CLANG_WARN_INT_CONVERSION = YES;
				CLANG_WARN_NON_LITERAL_NULL_CONVERSION = YES;
				CLANG_WARN_OBJC_IMPLICIT_RETAIN_SELF = YES;
				CLANG_WARN_OBJC_LITERAL_CONVERSION = YES;
				CLANG_WARN_OBJC_ROOT_CLASS = YES_ERROR;
				CLANG_WARN_RANGE_LOOP_ANALYSIS = YES;
				CLANG_WARN_STRICT_PROTOTYPES = YES;
				CLANG_WARN_SUSPICIOUS_MOVE = YES;
				CLANG_WARN_UNGUARDED_AVAILABILITY = YES_AGGRESSIVE;
				CLANG_WARN_UNREACHABLE_CODE = YES;
				CLANG_WARN__DUPLICATE_METHOD_MATCH = YES;
				COPY_PHASE_STRIP = NO;
				DEBUG_INFORMATION_FORMAT = dwarf;
				ENABLE_STRICT_OBJC_MSGSEND = YES;
				ENABLE_TESTABILITY = YES;
				GCC_C_LANGUAGE_STANDARD = gnu11;
				GCC_DYNAMIC_NO_PIC = NO;
				GCC_NO_COMMON_BLOCKS = YES;
				GCC_OPTIMIZATION_LEVEL = 0;
				GCC_PREPROCESSOR_DEFINITIONS = (
					"DEBUG=1",
					"$(inherited)",
				);
				GCC_WARN_64_TO_32_BIT_CONVERSION = YES;
				GCC_WARN_ABOUT_RETURN_TYPE = YES_ERROR;
				GCC_WARN_UNDECLARED_SELECTOR = YES;
				GCC_WARN_UNINITIALIZED_AUTOS = YES_AGGRESSIVE;
				GCC_WARN_UNUSED_FUNCTION = YES;
				GCC_WARN_UNUSED_VARIABLE = YES;
				IPHONEOS_DEPLOYMENT_TARGET = 13.2;
				MTL_ENABLE_DEBUG_INFO = INCLUDE_SOURCE;
				MTL_FAST_MATH = YES;
				ONLY_ACTIVE_ARCH = YES;
				SDKROOT = iphoneos;
				SWIFT_ACTIVE_COMPILATION_CONDITIONS = DEBUG;
				SWIFT_OPTIMIZATION_LEVEL = "-Onone";
			};
			name = Debug;
		};
		5A50EBAB23C326B200CE9AB7 /* Release */ = {
			isa = XCBuildConfiguration;
			buildSettings = {
				ALWAYS_SEARCH_USER_PATHS = NO;
				CLANG_ANALYZER_NONNULL = YES;
				CLANG_ANALYZER_NUMBER_OBJECT_CONVERSION = YES_AGGRESSIVE;
				CLANG_CXX_LANGUAGE_STANDARD = "gnu++14";
				CLANG_CXX_LIBRARY = "libc++";
				CLANG_ENABLE_MODULES = YES;
				CLANG_ENABLE_OBJC_ARC = YES;
				CLANG_ENABLE_OBJC_WEAK = YES;
				CLANG_WARN_BLOCK_CAPTURE_AUTORELEASING = YES;
				CLANG_WARN_BOOL_CONVERSION = YES;
				CLANG_WARN_COMMA = YES;
				CLANG_WARN_CONSTANT_CONVERSION = YES;
				CLANG_WARN_DEPRECATED_OBJC_IMPLEMENTATIONS = YES;
				CLANG_WARN_DIRECT_OBJC_ISA_USAGE = YES_ERROR;
				CLANG_WARN_DOCUMENTATION_COMMENTS = YES;
				CLANG_WARN_EMPTY_BODY = YES;
				CLANG_WARN_ENUM_CONVERSION = YES;
				CLANG_WARN_INFINITE_RECURSION = YES;
				CLANG_WARN_INT_CONVERSION = YES;
				CLANG_WARN_NON_LITERAL_NULL_CONVERSION = YES;
				CLANG_WARN_OBJC_IMPLICIT_RETAIN_SELF = YES;
				CLANG_WARN_OBJC_LITERAL_CONVERSION = YES;
				CLANG_WARN_OBJC_ROOT_CLASS = YES_ERROR;
				CLANG_WARN_RANGE_LOOP_ANALYSIS = YES;
				CLANG_WARN_STRICT_PROTOTYPES = YES;
				CLANG_WARN_SUSPICIOUS_MOVE = YES;
				CLANG_WARN_UNGUARDED_AVAILABILITY = YES_AGGRESSIVE;
				CLANG_WARN_UNREACHABLE_CODE = YES;
				CLANG_WARN__DUPLICATE_METHOD_MATCH = YES;
				COPY_PHASE_STRIP = NO;
				DEBUG_INFORMATION_FORMAT = "dwarf-with-dsym";
				ENABLE_NS_ASSERTIONS = NO;
				ENABLE_STRICT_OBJC_MSGSEND = YES;
				GCC_C_LANGUAGE_STANDARD = gnu11;
				GCC_NO_COMMON_BLOCKS = YES;
				GCC_WARN_64_TO_32_BIT_CONVERSION = YES;
				GCC_WARN_ABOUT_RETURN_TYPE = YES_ERROR;
				GCC_WARN_UNDECLARED_SELECTOR = YES;
				GCC_WARN_UNINITIALIZED_AUTOS = YES_AGGRESSIVE;
				GCC_WARN_UNUSED_FUNCTION = YES;
				GCC_WARN_UNUSED_VARIABLE = YES;
				IPHONEOS_DEPLOYMENT_TARGET = 13.2;
				MTL_ENABLE_DEBUG_INFO = NO;
				MTL_FAST_MATH = YES;
				SDKROOT = iphoneos;
				SWIFT_COMPILATION_MODE = wholemodule;
				SWIFT_OPTIMIZATION_LEVEL = "-O";
				VALIDATE_PRODUCT = YES;
			};
			name = Release;
		};
		5A50EBAD23C326B200CE9AB7 /* Debug */ = {
			isa = XCBuildConfiguration;
			baseConfigurationReference = A0F39E196B997649D139CD45 /* Pods-taskApp.debug.xcconfig */;
			buildSettings = {
				ASSETCATALOG_COMPILER_APPICON_NAME = AppIcon;
				CODE_SIGN_STYLE = Automatic;
				DEVELOPMENT_TEAM = GU7TU8NWWQ;
				INFOPLIST_FILE = taskApp/Info.plist;
				LD_RUNPATH_SEARCH_PATHS = (
					"$(inherited)",
					"@executable_path/Frameworks",
				);
				PRODUCT_BUNDLE_IDENTIFIER = jp.techacademy.asahi.kimura.taskApp;
				PRODUCT_NAME = "$(TARGET_NAME)";
				SWIFT_VERSION = 5.0;
				TARGETED_DEVICE_FAMILY = 1;
			};
			name = Debug;
		};
		5A50EBAE23C326B200CE9AB7 /* Release */ = {
			isa = XCBuildConfiguration;
			baseConfigurationReference = 75664922F9C4276981E0FA13 /* Pods-taskApp.release.xcconfig */;
			buildSettings = {
				ASSETCATALOG_COMPILER_APPICON_NAME = AppIcon;
				CODE_SIGN_STYLE = Automatic;
				DEVELOPMENT_TEAM = GU7TU8NWWQ;
				INFOPLIST_FILE = taskApp/Info.plist;
				LD_RUNPATH_SEARCH_PATHS = (
					"$(inherited)",
					"@executable_path/Frameworks",
				);
				PRODUCT_BUNDLE_IDENTIFIER = jp.techacademy.asahi.kimura.taskApp;
				PRODUCT_NAME = "$(TARGET_NAME)";
				SWIFT_VERSION = 5.0;
				TARGETED_DEVICE_FAMILY = 1;
			};
			name = Release;
		};
/* End XCBuildConfiguration section */

/* Begin XCConfigurationList section */
		5A50EB9323C326B100CE9AB7 /* Build configuration list for PBXProject "taskApp" */ = {
			isa = XCConfigurationList;
			buildConfigurations = (
				5A50EBAA23C326B200CE9AB7 /* Debug */,
				5A50EBAB23C326B200CE9AB7 /* Release */,
			);
			defaultConfigurationIsVisible = 0;
			defaultConfigurationName = Release;
		};
		5A50EBAC23C326B200CE9AB7 /* Build configuration list for PBXNativeTarget "taskApp" */ = {
			isa = XCConfigurationList;
			buildConfigurations = (
				5A50EBAD23C326B200CE9AB7 /* Debug */,
				5A50EBAE23C326B200CE9AB7 /* Release */,
			);
			defaultConfigurationIsVisible = 0;
			defaultConfigurationName = Release;
		};
/* End XCConfigurationList section */
	};
	rootObject = 5A50EB9023C326B100CE9AB7 /* Project object */;
}
